# This file is generated by running "yarn install" inside your project.
# Manual changes might be lost - proceed with caution!

__metadata:
  version: 8
  cacheKey: 10c0

"@donk/utils@workspace:.":
  version: 0.0.0-use.local
  resolution: "@donk/utils@workspace:."
  dependencies:
    "@types/express": "npm:^5.0.3"
    "@types/ws": "npm:^8.18.1"
  languageName: unknown
  linkType: soft

"@types/body-parser@npm:*":
  version: 1.19.6
  resolution: "@types/body-parser@npm:1.19.6"
  dependencies:
    "@types/connect": "npm:*"
    "@types/node": "npm:*"
  checksum: 10c0/542da05c924dce58ee23f50a8b981fee36921850c82222e384931fda3e106f750f7880c47be665217d72dbe445129049db6eb1f44e7a06b09d62af8f3cca8ea7
  languageName: node
  linkType: hard

"@types/connect@npm:*":
  version: 3.4.38
  resolution: "@types/connect@npm:3.4.38"
  dependencies:
    "@types/node": "npm:*"
  checksum: 10c0/2e1cdba2c410f25649e77856505cd60223250fa12dff7a503e492208dbfdd25f62859918f28aba95315251fd1f5e1ffbfca1e25e73037189ab85dd3f8d0a148c
  languageName: node
  linkType: hard

"@types/express-serve-static-core@npm:^5.0.0":
  version: 5.0.6
  resolution: "@types/express-serve-static-core@npm:5.0.6"
  dependencies:
    "@types/node": "npm:*"
    "@types/qs": "npm:*"
    "@types/range-parser": "npm:*"
    "@types/send": "npm:*"
  checksum: 10c0/aced8cc88c1718adbbd1fc488756b0f22d763368d9eff2ae21b350698fab4a77d8d13c3699056dc662a887e43a8b67a3e8f6289ff76102ecc6bad4a7710d31a6
  languageName: node
  linkType: hard

"@types/express@npm:^5.0.3":
  version: 5.0.3
  resolution: "@types/express@npm:5.0.3"
  dependencies:
    "@types/body-parser": "npm:*"
    "@types/express-serve-static-core": "npm:^5.0.0"
    "@types/serve-static": "npm:*"
  checksum: 10c0/f0fbc8daa7f40070b103cf4d020ff1dd08503477d866d1134b87c0390bba71d5d7949cb8b4e719a81ccba89294d8e1573414e6dcbb5bb1d097a7b820928ebdef
  languageName: node
  linkType: hard

"@types/http-errors@npm:*":
  version: 2.0.5
  resolution: "@types/http-errors@npm:2.0.5"
  checksum: 10c0/00f8140fbc504f47356512bd88e1910c2f07e04233d99c88c854b3600ce0523c8cd0ba7d1897667243282eb44c59abb9245959e2428b9de004f93937f52f7c15
  languageName: node
  linkType: hard

"@types/mime@npm:^1":
  version: 1.3.5
  resolution: "@types/mime@npm:1.3.5"
  checksum: 10c0/c2ee31cd9b993804df33a694d5aa3fa536511a49f2e06eeab0b484fef59b4483777dbb9e42a4198a0809ffbf698081fdbca1e5c2218b82b91603dfab10a10fbc
  languageName: node
  linkType: hard

"@types/node@npm:*":
  version: 24.0.7
  resolution: "@types/node@npm:24.0.7"
  dependencies:
    undici-types: "npm:~7.8.0"
  checksum: 10c0/be3849816dafc54ec79e6be6dafcf60bdb6466beaf0081b941142d260e2b2864855210dfe5b4395c59b276468528695aefcf4f060ac95cc433b2968e80a311f9
  languageName: node
  linkType: hard

"@types/qs@npm:*":
  version: 6.14.0
  resolution: "@types/qs@npm:6.14.0"
  checksum: 10c0/5b3036df6e507483869cdb3858201b2e0b64b4793dc4974f188caa5b5732f2333ab9db45c08157975054d3b070788b35088b4bc60257ae263885016ee2131310
  languageName: node
  linkType: hard

"@types/range-parser@npm:*":
  version: 1.2.7
  resolution: "@types/range-parser@npm:1.2.7"
  checksum: 10c0/361bb3e964ec5133fa40644a0b942279ed5df1949f21321d77de79f48b728d39253e5ce0408c9c17e4e0fd95ca7899da36841686393b9f7a1e209916e9381a3c
  languageName: node
  linkType: hard

"@types/send@npm:*":
  version: 0.17.5
  resolution: "@types/send@npm:0.17.5"
  dependencies:
    "@types/mime": "npm:^1"
    "@types/node": "npm:*"
  checksum: 10c0/a86c9b89bb0976ff58c1cdd56360ea98528f4dbb18a5c2287bb8af04815513a576a42b4e0e1e7c4d14f7d6ea54733f6ef935ebff8c65e86d9c222881a71e1f15
  languageName: node
  linkType: hard

"@types/serve-static@npm:*":
  version: 1.15.8
  resolution: "@types/serve-static@npm:1.15.8"
  dependencies:
    "@types/http-errors": "npm:*"
    "@types/node": "npm:*"
    "@types/send": "npm:*"
  checksum: 10c0/8ad86a25b87da5276cb1008c43c74667ff7583904d46d5fcaf0355887869d859d453d7dc4f890788ae04705c23720e9b6b6f3215e2d1d2a4278bbd090a9268dd
  languageName: node
  linkType: hard

"@types/ws@npm:^8.18.1":
  version: 8.18.1
  resolution: "@types/ws@npm:8.18.1"
  dependencies:
    "@types/node": "npm:*"
  checksum: 10c0/61aff1129143fcc4312f083bc9e9e168aa3026b7dd6e70796276dcfb2c8211c4292603f9c4864fae702f2ed86e4abd4d38aa421831c2fd7f856c931a481afbab
  languageName: node
  linkType: hard

"undici-types@npm:~7.8.0":
  version: 7.8.0
  resolution: "undici-types@npm:7.8.0"
  checksum: 10c0/9d9d246d1dc32f318d46116efe3cfca5a72d4f16828febc1918d94e58f6ffcf39c158aa28bf5b4fc52f410446bc7858f35151367bd7a49f21746cab6497b709b
  languageName: node
  linkType: hard
